{
    "_meta": {
        "hash": {
            "sha256": "a025dd84540a432869390fb412e7ebf9c321d0e85f4252d134ae56f464c5d436"
        },
        "pipfile-spec": 6,
        "requires": {
            "python_version": "3.7"
        },
        "sources": [
            {
                "name": "pypi",
                "url": "https://pypi.org/simple",
                "verify_ssl": true
            }
        ]
    },
    "default": {
        "mecab-python3": {
            "hashes": [
                "sha256:0675037dcf9f143e725326f21659c439c07e46d1e9d2c2aad698f95778d3f5d2",
                "sha256:0817d06254a86da9d6fea3e483f0163e87b45abafaa2039ce93ce6b81cee2bef",
                "sha256:086bb7ecc3ac2aa64e11297d8a6919a31deb02e081c8b53d8db3afd77934bd39",
                "sha256:139b673a5f08a33ca52d333fd0959ac41035dd9c328d8024160a7afd58ffa7d6",
                "sha256:1942c884a374d1e334ec2a6f30cc16a4fd68ea328227bc8deab909ee76e9781c",
                "sha256:1fefff295d47987dde0192533470d3adaa1eb46cfb9b6861c1f36cc475f9c463",
                "sha256:2650f86d86f6df8b7b6428aea38d0a353f5bb2e8758be3f6eba2d21314bb903d",
                "sha256:2745a712fcf879f75e4f938fc906958ca8408d1b971e7ae9e5735a85f16eee5a",
                "sha256:29fea64fa7a1c47f8bffa52a2517230c06c32a3494164a3550e67be2ced668bb",
                "sha256:2a176d769b9060df7a7db5af5ae4b580a69c523ed732b2958a560be7e66181e9",
                "sha256:2b0b0f8dc5ecae28084210ed5f1fe7b5cbe6e40ca3b4a2689d668e3e521d62d0",
                "sha256:37c40c443a54ebb8a2a73a2cd08d447f4689bd13eefba8557a5041c43a687683",
                "sha256:3fd30ceaef9d087b96065067b8ce5070efd65c240f073e8704056e2bda1cf8bb",
                "sha256:466bf2ff6a185f26aa8cab0479f65ca5d214d328766af21c5d996c2b445124a1",
                "sha256:46f4cfa3be37c07f0583baccfa5116aab3fda297fb38f2134841686d15915515",
                "sha256:47a230de0ece95fa56e7920915aa45a6e1256d11d619906f020ec31ce0ac620e",
                "sha256:4a174ef891786df9401b3b72d8ddf5ff126d569ab8c81839deaab576630e82ad",
                "sha256:5dbbb1ba289258cc9af8dd381db83843eb17852f7d9ec85a9aa6ef8d91d81f2d",
                "sha256:63d1e2fd60d12b0d54defa5be9973d5aa253d1c65527bdb7437c8c0110202f77",
                "sha256:69aaadd795dd67ef0a192e08a87d515b86ec0aedaa6b902246d411e63dbd51ff",
                "sha256:6bdeff06758472af4990dfa2c0fce181e9badf1db7242bd6a43d23ee8f49c27c",
                "sha256:6c54047963764c9433cbd149931ea6308a1a871d60c2a44d20fecb5e4f4a27fe",
                "sha256:6e9f3eea821b04a57e5509791e01012511b9ebd62510e36d8c87ba36facda366",
                "sha256:731a6e11d0971b42e9d45f62fa9e08a543824802981d3504c4a9983eed3e96a5",
                "sha256:88780b2b358296eb0ec3b2f2d2433ebcaf74d4a9ccfe9303ff541d5890eed5b9",
                "sha256:a115c89232eb1bd9d68f2c67185fd36b1360d6d262cbcc80d0313eb04b9021df",
                "sha256:a24133836219e3ca321f3d5621a0aa2ff385ac430e5485dff8f789f1df4f2a5f",
                "sha256:a8b9cccb8dcee6196c66eec9d4bbfe2ae6acf7bf7146908597fe1e04e41ef228",
                "sha256:aad42c0c2d6496ce16e04e1fd65a9f0847706bd7928e37c1ea68db5c47911622",
                "sha256:bb7b8ae3b3269fea3f843321f9d770046662f6164a4797bcc9db8c03b5e2b2af",
                "sha256:cbb28289a7f314ef25430a252e0a49033f74b9ebd0e229159972d91759e7be8e",
                "sha256:d56d27e4d30be72cff7a2436dbc9de99b8cb590954a26dcbd1326c345de78608",
                "sha256:efdf4c3754b368a5f2524df18152db44d930d367ed58a757f026d196b22c883f"
            ],
            "index": "pypi",
            "version": "==1.0.1"
        },
        "numpy": {
            "hashes": [
                "sha256:04c7d4ebc5ff93d9822075ddb1751ff392a4375e5885299445fcebf877f179d5",
                "sha256:0bfd85053d1e9f60234f28f63d4a5147ada7f432943c113a11afcf3e65d9d4c8",
                "sha256:0c66da1d202c52051625e55a249da35b31f65a81cb56e4c69af0dfb8fb0125bf",
                "sha256:0d310730e1e793527065ad7dde736197b705d0e4c9999775f212b03c44a8484c",
                "sha256:1669ec8e42f169ff715a904c9b2105b6640f3f2a4c4c2cb4920ae8b2785dac65",
                "sha256:2117536e968abb7357d34d754e3733b0d7113d4c9f1d921f21a3d96dec5ff716",
                "sha256:3733640466733441295b0d6d3dcbf8e1ffa7e897d4d82903169529fd3386919a",
                "sha256:4339741994c775396e1a274dba3609c69ab0f16056c1077f18979bec2a2c2e6e",
                "sha256:51ee93e1fac3fe08ef54ff1c7f329db64d8a9c5557e6c8e908be9497ac76374b",
                "sha256:54045b198aebf41bf6bf4088012777c1d11703bf74461d70cd350c0af2182e45",
                "sha256:58d66a6b3b55178a1f8a5fe98df26ace76260a70de694d99577ddeab7eaa9a9d",
                "sha256:59f3d687faea7a4f7f93bd9665e5b102f32f3fa28514f15b126f099b7997203d",
                "sha256:62139af94728d22350a571b7c82795b9d59be77fc162414ada6c8b6a10ef5d02",
                "sha256:7118f0a9f2f617f921ec7d278d981244ba83c85eea197be7c5a4f84af80a9c3c",
                "sha256:7c6646314291d8f5ea900a7ea9c4261f834b5b62159ba2abe3836f4fa6705526",
                "sha256:967c92435f0b3ba37a4257c48b8715b76741410467e2bdb1097e8391fccfae15",
                "sha256:9a3001248b9231ed73894c773142658bab914645261275f675d86c290c37f66d",
                "sha256:aba1d5daf1144b956bc87ffb87966791f5e9f3e1f6fab3d7f581db1f5b598f7a",
                "sha256:addaa551b298052c16885fc70408d3848d4e2e7352de4e7a1e13e691abc734c1",
                "sha256:b594f76771bc7fc8a044c5ba303427ee67c17a09b36e1fa32bde82f5c419d17a",
                "sha256:c35a01777f81e7333bcf276b605f39c872e28295441c265cd0c860f4b40148c1",
                "sha256:cebd4f4e64cfe87f2039e4725781f6326a61f095bc77b3716502bed812b385a9",
                "sha256:d526fa58ae4aead839161535d59ea9565863bb0b0bdb3cc63214613fb16aced4",
                "sha256:d7ac33585e1f09e7345aa902c281bd777fdb792432d27fca857f39b70e5dd31c",
                "sha256:e6ddbdc5113628f15de7e4911c02aed74a4ccff531842c583e5032f6e5a179bd",
                "sha256:eb25c381d168daf351147713f49c626030dcff7a393d5caa62515d415a6071d8"
            ],
            "version": "==1.19.2"
        },
        "torch": {
            "hashes": [
                "sha256:0698d0a48014b9b8f36d93e69901eca2e7ec712cd2033908f7a77e7d86a4f0d7",
                "sha256:2ac8e58b069232f079bd289aa160366a9367ae1a4616a2c1007dceed19ff9bfa",
                "sha256:43a0e28c448ddeea65fb9e956bc743389592afac824095bdbc08e8a87364c639",
                "sha256:661ad06b4616663149bd504e8c0271196d0386712e21a92619d95ba88138794a",
                "sha256:880a0c22692eaebbce808a5bf2255ab7d345ab43c40795be0a421c6250ba0fb4",
                "sha256:a13bf6f78a49d844b85c142b8cd62d2e1833a11ed21ea0bc6b1ac73d24c76415",
                "sha256:a8c21f82fd03b67927078ea917040478c3263753fe1906fc19d0f5f0c7d9aa10",
                "sha256:b87fd224a7de3bc01ce87eb947698797b4514e27115b0aa60a56991515dd9dd6",
                "sha256:f63d489c54b4f170ce8335727bbb196ceb9acd0e7805477bbef8fabc914bc0f9"
            ],
            "index": "pypi",
            "version": "==1.2.0"
        },
        "tqdm": {
            "hashes": [
                "sha256:2dd75fdb764f673b8187643496fcfbeac38348015b665878e582b152f3391cdb",
                "sha256:93b7a6a9129fce904f6df4cf3ae7ff431d779be681a95c3344c26f3e6c09abfa"
            ],
            "index": "pypi",
            "version": "==4.50.0"
        }
    },
    "develop": {}
}
